
Microsoft Visual Studio Solution File, Format Version 12.00
# Visual Studio 14
VisualStudioVersion = 14.0.23107.0
MinimumVisualStudioVersion = 10.0.40219.1
Project("{FAE04EC0-301F-11D3-BF4B-00C04F79EFBC}") = "Blog.Interfaces", "Blog.Interfaces\Blog.Interfaces.csproj", "{6371DC59-F2B7-423A-87FD-D0E1DCBE4B88}"
EndProject
Project("{FAE04EC0-301F-11D3-BF4B-00C04F79EFBC}") = "Blog.Domains", "Blog.Domains\Blog.Domains.csproj", "{53059420-AE3E-41B3-9F36-7A448DC8078F}"
EndProject
Project("{FAE04EC0-301F-11D3-BF4B-00C04F79EFBC}") = "Blog.Data", "Blog.Data\Blog.Data.csproj", "{BA6D309C-C1BA-4E46-8888-DBCBAD748D34}"
EndProject
Project("{FAE04EC0-301F-11D3-BF4B-00C04F79EFBC}") = "Blog.Services", "Blog.Services\Blog.Services.csproj", "{79DCC430-B48A-43A1-AFFB-609C7281CC67}"
EndProject
Project("{FAE04EC0-301F-11D3-BF4B-00C04F79EFBC}") = "Blog.Common", "Blog.Common\Blog.Common.csproj", "{C00BD9ED-5DF5-4BE6-830E-6DF2FEE39E00}"
EndProject
Project("{FAE04EC0-301F-11D3-BF4B-00C04F79EFBC}") = "Blog.WebAPI", "Blog.WebAPI\Blog.WebAPI.csproj", "{D658B1D4-D314-44B1-9D05-EA84F92F4AEE}"
EndProject
Global
	GlobalSection(SolutionConfigurationPlatforms) = preSolution
		Debug|Any CPU = Debug|Any CPU
		Release|Any CPU = Release|Any CPU
	EndGlobalSection
	GlobalSection(ProjectConfigurationPlatforms) = postSolution
		{6371DC59-F2B7-423A-87FD-D0E1DCBE4B88}.Debug|Any CPU.ActiveCfg = Debug|Any CPU
		{6371DC59-F2B7-423A-87FD-D0E1DCBE4B88}.Debug|Any CPU.Build.0 = Debug|Any CPU
		{6371DC59-F2B7-423A-87FD-D0E1DCBE4B88}.Release|Any CPU.ActiveCfg = Release|Any CPU
		{6371DC59-F2B7-423A-87FD-D0E1DCBE4B88}.Release|Any CPU.Build.0 = Release|Any CPU
		{53059420-AE3E-41B3-9F36-7A448DC8078F}.Debug|Any CPU.ActiveCfg = Debug|Any CPU
		{53059420-AE3E-41B3-9F36-7A448DC8078F}.Debug|Any CPU.Build.0 = Debug|Any CPU
		{53059420-AE3E-41B3-9F36-7A448DC8078F}.Release|Any CPU.ActiveCfg = Release|Any CPU
		{53059420-AE3E-41B3-9F36-7A448DC8078F}.Release|Any CPU.Build.0 = Release|Any CPU
		{BA6D309C-C1BA-4E46-8888-DBCBAD748D34}.Debug|Any CPU.ActiveCfg = Debug|Any CPU
		{BA6D309C-C1BA-4E46-8888-DBCBAD748D34}.Debug|Any CPU.Build.0 = Debug|Any CPU
		{BA6D309C-C1BA-4E46-8888-DBCBAD748D34}.Release|Any CPU.ActiveCfg = Release|Any CPU
		{BA6D309C-C1BA-4E46-8888-DBCBAD748D34}.Release|Any CPU.Build.0 = Release|Any CPU
		{79DCC430-B48A-43A1-AFFB-609C7281CC67}.Debug|Any CPU.ActiveCfg = Debug|Any CPU
		{79DCC430-B48A-43A1-AFFB-609C7281CC67}.Debug|Any CPU.Build.0 = Debug|Any CPU
		{79DCC430-B48A-43A1-AFFB-609C7281CC67}.Release|Any CPU.ActiveCfg = Release|Any CPU
		{79DCC430-B48A-43A1-AFFB-609C7281CC67}.Release|Any CPU.Build.0 = Release|Any CPU
		{C00BD9ED-5DF5-4BE6-830E-6DF2FEE39E00}.Debug|Any CPU.ActiveCfg = Debug|Any CPU
		{C00BD9ED-5DF5-4BE6-830E-6DF2FEE39E00}.Debug|Any CPU.Build.0 = Debug|Any CPU
		{C00BD9ED-5DF5-4BE6-830E-6DF2FEE39E00}.Release|Any CPU.ActiveCfg = Release|Any CPU
		{C00BD9ED-5DF5-4BE6-830E-6DF2FEE39E00}.Release|Any CPU.Build.0 = Release|Any CPU
		{D658B1D4-D314-44B1-9D05-EA84F92F4AEE}.Debug|Any CPU.ActiveCfg = Debug|Any CPU
		{D658B1D4-D314-44B1-9D05-EA84F92F4AEE}.Debug|Any CPU.Build.0 = Debug|Any CPU
		{D658B1D4-D314-44B1-9D05-EA84F92F4AEE}.Release|Any CPU.ActiveCfg = Release|Any CPU
		{D658B1D4-D314-44B1-9D05-EA84F92F4AEE}.Release|Any CPU.Build.0 = Release|Any CPU
	EndGlobalSection
	GlobalSection(SolutionProperties) = preSolution
		HideSolutionNode = FALSE
	EndGlobalSection
EndGlobal
